
Microsoft Visual Studio Solution File, Format Version 12.00
# Visual Studio 2013
VisualStudioVersion = 12.0.31101.0
MinimumVisualStudioVersion = 10.0.40219.1
Project("{FAE04EC0-301F-11D3-BF4B-00C04F79EFBC}") = "SematicTypes", "SematicTypes.csproj", "{F9C11607-F6A5-4A15-9E57-A1276B507CB7}"
EndProject
Project("{FAE04EC0-301F-11D3-BF4B-00C04F79EFBC}") = "UnitTests", "UnitTests\UnitTests.csproj", "{E4CA11C0-FC91-4EE5-BA81-2FF79EB1C943}"
EndProject
Global
	GlobalSection(SolutionConfigurationPlatforms) = preSolution
		Debug|Any CPU = Debug|Any CPU
		Release|Any CPU = Release|Any CPU
	EndGlobalSection
	GlobalSection(ProjectConfigurationPlatforms) = postSolution
		{F9C11607-F6A5-4A15-9E57-A1276B507CB7}.Debug|Any CPU.ActiveCfg = Debug|Any CPU
		{F9C11607-F6A5-4A15-9E57-A1276B507CB7}.Debug|Any CPU.Build.0 = Debug|Any CPU
		{F9C11607-F6A5-4A15-9E57-A1276B507CB7}.Release|Any CPU.ActiveCfg = Release|Any CPU
		{F9C11607-F6A5-4A15-9E57-A1276B507CB7}.Release|Any CPU.Build.0 = Release|Any CPU
		{E4CA11C0-FC91-4EE5-BA81-2FF79EB1C943}.Debug|Any CPU.ActiveCfg = Debug|Any CPU
		{E4CA11C0-FC91-4EE5-BA81-2FF79EB1C943}.Debug|Any CPU.Build.0 = Debug|Any CPU
		{E4CA11C0-FC91-4EE5-BA81-2FF79EB1C943}.Release|Any CPU.ActiveCfg = Release|Any CPU
		{E4CA11C0-FC91-4EE5-BA81-2FF79EB1C943}.Release|Any CPU.Build.0 = Release|Any CPU
	EndGlobalSection
	GlobalSection(SolutionProperties) = preSolution
		HideSolutionNode = FALSE
	EndGlobalSection
EndGlobal
